
Microsoft Visual Studio Solution File, Format Version 12.00
# Visual Studio 15
VisualStudioVersion = 15.0.27428.2043
MinimumVisualStudioVersion = 10.0.40219.1
Project("{FAE04EC0-301F-11D3-BF4B-00C04F79EFBC}") = "WindowsFormsApp1", "WindowsFormsApp1\WindowsFormsApp1.csproj", "{E1BD1551-9DDC-4B0C-AEF2-8EF5972A4FB9}"
EndProject
Global
	GlobalSection(SolutionConfigurationPlatforms) = preSolution
		Debug|Any CPU = Debug|Any CPU
		Release|Any CPU = Release|Any CPU
	EndGlobalSection
	GlobalSection(ProjectConfigurationPlatforms) = postSolution
		{E1BD1551-9DDC-4B0C-AEF2-8EF5972A4FB9}.Debug|Any CPU.ActiveCfg = Debug|Any CPU
		{E1BD1551-9DDC-4B0C-AEF2-8EF5972A4FB9}.Debug|Any CPU.Build.0 = Debug|Any CPU
		{E1BD1551-9DDC-4B0C-AEF2-8EF5972A4FB9}.Release|Any CPU.ActiveCfg = Release|Any CPU
		{E1BD1551-9DDC-4B0C-AEF2-8EF5972A4FB9}.Release|Any CPU.Build.0 = Release|Any CPU
	EndGlobalSection
	GlobalSection(SolutionProperties) = preSolution
		HideSolutionNode = FALSE
	EndGlobalSection
	GlobalSection(ExtensibilityGlobals) = postSolution
		SolutionGuid = {E2DAC21E-001F-442E-8A64-D9143F678F3A}
	EndGlobalSection
EndGlobal
